
Microsoft Visual Studio Solution File, Format Version 12.00
# Visual Studio Version 16
VisualStudioVersion = 16.0.30717.126
MinimumVisualStudioVersion = 10.0.40219.1
Project("{FAE04EC0-301F-11D3-BF4B-00C04F79EFBC}") = "VorDiag", "VorDiag.csproj", "{F0D288F3-0AD1-49EE-B56B-4F938F2FFA4E}"
EndProject
Global
	GlobalSection(SolutionConfigurationPlatforms) = preSolution
		Debug|Any CPU = Debug|Any CPU
		Release|Any CPU = Release|Any CPU
	EndGlobalSection
	GlobalSection(ProjectConfigurationPlatforms) = postSolution
		{F0D288F3-0AD1-49EE-B56B-4F938F2FFA4E}.Debug|Any CPU.ActiveCfg = Debug|Any CPU
		{F0D288F3-0AD1-49EE-B56B-4F938F2FFA4E}.Debug|Any CPU.Build.0 = Debug|Any CPU
		{F0D288F3-0AD1-49EE-B56B-4F938F2FFA4E}.Release|Any CPU.ActiveCfg = Release|Any CPU
		{F0D288F3-0AD1-49EE-B56B-4F938F2FFA4E}.Release|Any CPU.Build.0 = Release|Any CPU
	EndGlobalSection
	GlobalSection(SolutionProperties) = preSolution
		HideSolutionNode = FALSE
	EndGlobalSection
	GlobalSection(ExtensibilityGlobals) = postSolution
		SolutionGuid = {A600226E-291C-46EF-B4CF-ABABEB5B4C7B}
	EndGlobalSection
EndGlobal
